
Microsoft Visual Studio Solution File, Format Version 12.00
# Visual Studio Version 17
VisualStudioVersion = 17.0.31903.59
MinimumVisualStudioVersion = 10.0.40219.1
Project("{2150E333-8FDC-42A3-9474-1A3956D46DE8}") = "src", "src", "{BE436326-F02B-427B-B9A0-A465FF335957}"
EndProject
Project("{FAE04EC0-301F-11D3-BF4B-00C04F79EFBC}") = "Launcher.App", "src\Launcher.App\Launcher.App.csproj", "{0CE13B86-C46F-48E3-A2B2-C4AF8D38A99A}"
EndProject
Project("{FAE04EC0-301F-11D3-BF4B-00C04F79EFBC}") = "Launcher.Core", "src\Launcher.Core\Launcher.Core.csproj", "{0EA3C912-1D02-4A9C-8B17-147BE37ED112}"
EndProject
Project("{FAE04EC0-301F-11D3-BF4B-00C04F79EFBC}") = "Launcher.Auth", "src\Launcher.Auth\Launcher.Auth.csproj", "{4424E244-C06B-4C43-9F9E-162D9DAD3E30}"
EndProject
Project("{FAE04EC0-301F-11D3-BF4B-00C04F79EFBC}") = "Launcher.Loaders", "src\Launcher.Loaders\Launcher.Loaders.csproj", "{09CF0023-F870-4C90-A5EB-E326E2AFD7E3}"
EndProject
Project("{FAE04EC0-301F-11D3-BF4B-00C04F79EFBC}") = "Launcher.ModSources", "src\Launcher.ModSources\Launcher.ModSources.csproj", "{FDAB6A3D-200D-4993-99C4-1359CCB32861}"
EndProject
Project("{FAE04EC0-301F-11D3-BF4B-00C04F79EFBC}") = "Launcher.Backend", "src\Launcher.Backend\Launcher.Backend.csproj", "{970C366A-5B3D-40A8-95EA-2E904D099714}"
EndProject
Project("{FAE04EC0-301F-11D3-BF4B-00C04F79EFBC}") = "Launcher.Common", "src\Launcher.Common\Launcher.Common.csproj", "{283DF32D-BA4D-42AC-AC08-B04042580206}"
EndProject
Project("{2150E333-8FDC-42A3-9474-1A3956D46DE8}") = "tests", "tests", "{F4D73CC6-ADF9-4EBF-820F-5DA6E5110697}"
EndProject
Project("{FAE04EC0-301F-11D3-BF4B-00C04F79EFBC}") = "Launcher.Core.Tests", "tests\Launcher.Core.Tests\Launcher.Core.Tests.csproj", "{C691968F-F32B-4E64-AF17-065264FCD2D9}"
EndProject
Project("{FAE04EC0-301F-11D3-BF4B-00C04F79EFBC}") = "Launcher.Auth.Tests", "tests\Launcher.Auth.Tests\Launcher.Auth.Tests.csproj", "{AAB79746-E865-4B61-AC20-EA33B8C1F481}"
EndProject
Project("{FAE04EC0-301F-11D3-BF4B-00C04F79EFBC}") = "Launcher.ModSources.Tests", "tests\Launcher.ModSources.Tests\Launcher.ModSources.Tests.csproj", "{5F98EA5E-5375-4788-8E84-6BC62F7C01F3}"
EndProject
Global
	GlobalSection(SolutionConfigurationPlatforms) = preSolution
		Debug|Any CPU = Debug|Any CPU
		Release|Any CPU = Release|Any CPU
	EndGlobalSection
	GlobalSection(SolutionProperties) = preSolution
		HideSolutionNode = FALSE
	EndGlobalSection
	GlobalSection(ProjectConfigurationPlatforms) = postSolution
		{0CE13B86-C46F-48E3-A2B2-C4AF8D38A99A}.Debug|Any CPU.ActiveCfg = Debug|Any CPU
		{0CE13B86-C46F-48E3-A2B2-C4AF8D38A99A}.Debug|Any CPU.Build.0 = Debug|Any CPU
		{0CE13B86-C46F-48E3-A2B2-C4AF8D38A99A}.Release|Any CPU.ActiveCfg = Release|Any CPU
		{0CE13B86-C46F-48E3-A2B2-C4AF8D38A99A}.Release|Any CPU.Build.0 = Release|Any CPU
		{0EA3C912-1D02-4A9C-8B17-147BE37ED112}.Debug|Any CPU.ActiveCfg = Debug|Any CPU
		{0EA3C912-1D02-4A9C-8B17-147BE37ED112}.Debug|Any CPU.Build.0 = Debug|Any CPU
		{0EA3C912-1D02-4A9C-8B17-147BE37ED112}.Release|Any CPU.ActiveCfg = Release|Any CPU
		{0EA3C912-1D02-4A9C-8B17-147BE37ED112}.Release|Any CPU.Build.0 = Release|Any CPU
		{4424E244-C06B-4C43-9F9E-162D9DAD3E30}.Debug|Any CPU.ActiveCfg = Debug|Any CPU
		{4424E244-C06B-4C43-9F9E-162D9DAD3E30}.Debug|Any CPU.Build.0 = Debug|Any CPU
		{4424E244-C06B-4C43-9F9E-162D9DAD3E30}.Release|Any CPU.ActiveCfg = Release|Any CPU
		{4424E244-C06B-4C43-9F9E-162D9DAD3E30}.Release|Any CPU.Build.0 = Release|Any CPU
		{09CF0023-F870-4C90-A5EB-E326E2AFD7E3}.Debug|Any CPU.ActiveCfg = Debug|Any CPU
		{09CF0023-F870-4C90-A5EB-E326E2AFD7E3}.Debug|Any CPU.Build.0 = Debug|Any CPU
		{09CF0023-F870-4C90-A5EB-E326E2AFD7E3}.Release|Any CPU.ActiveCfg = Release|Any CPU
		{09CF0023-F870-4C90-A5EB-E326E2AFD7E3}.Release|Any CPU.Build.0 = Release|Any CPU
		{FDAB6A3D-200D-4993-99C4-1359CCB32861}.Debug|Any CPU.ActiveCfg = Debug|Any CPU
		{FDAB6A3D-200D-4993-99C4-1359CCB32861}.Debug|Any CPU.Build.0 = Debug|Any CPU
		{FDAB6A3D-200D-4993-99C4-1359CCB32861}.Release|Any CPU.ActiveCfg = Release|Any CPU
		{FDAB6A3D-200D-4993-99C4-1359CCB32861}.Release|Any CPU.Build.0 = Release|Any CPU
		{970C366A-5B3D-40A8-95EA-2E904D099714}.Debug|Any CPU.ActiveCfg = Debug|Any CPU
		{970C366A-5B3D-40A8-95EA-2E904D099714}.Debug|Any CPU.Build.0 = Debug|Any CPU
		{970C366A-5B3D-40A8-95EA-2E904D099714}.Release|Any CPU.ActiveCfg = Release|Any CPU
		{970C366A-5B3D-40A8-95EA-2E904D099714}.Release|Any CPU.Build.0 = Release|Any CPU
		{283DF32D-BA4D-42AC-AC08-B04042580206}.Debug|Any CPU.ActiveCfg = Debug|Any CPU
		{283DF32D-BA4D-42AC-AC08-B04042580206}.Debug|Any CPU.Build.0 = Debug|Any CPU
		{283DF32D-BA4D-42AC-AC08-B04042580206}.Release|Any CPU.ActiveCfg = Release|Any CPU
		{283DF32D-BA4D-42AC-AC08-B04042580206}.Release|Any CPU.Build.0 = Release|Any CPU
		{C691968F-F32B-4E64-AF17-065264FCD2D9}.Debug|Any CPU.ActiveCfg = Debug|Any CPU
		{C691968F-F32B-4E64-AF17-065264FCD2D9}.Debug|Any CPU.Build.0 = Debug|Any CPU
		{C691968F-F32B-4E64-AF17-065264FCD2D9}.Release|Any CPU.ActiveCfg = Release|Any CPU
		{C691968F-F32B-4E64-AF17-065264FCD2D9}.Release|Any CPU.Build.0 = Release|Any CPU
		{AAB79746-E865-4B61-AC20-EA33B8C1F481}.Debug|Any CPU.ActiveCfg = Debug|Any CPU
		{AAB79746-E865-4B61-AC20-EA33B8C1F481}.Debug|Any CPU.Build.0 = Debug|Any CPU
		{AAB79746-E865-4B61-AC20-EA33B8C1F481}.Release|Any CPU.ActiveCfg = Release|Any CPU
		{AAB79746-E865-4B61-AC20-EA33B8C1F481}.Release|Any CPU.Build.0 = Release|Any CPU
		{5F98EA5E-5375-4788-8E84-6BC62F7C01F3}.Debug|Any CPU.ActiveCfg = Debug|Any CPU
		{5F98EA5E-5375-4788-8E84-6BC62F7C01F3}.Debug|Any CPU.Build.0 = Debug|Any CPU
		{5F98EA5E-5375-4788-8E84-6BC62F7C01F3}.Release|Any CPU.ActiveCfg = Release|Any CPU
		{5F98EA5E-5375-4788-8E84-6BC62F7C01F3}.Release|Any CPU.Build.0 = Release|Any CPU
	EndGlobalSection
	GlobalSection(NestedProjects) = preSolution
		{0CE13B86-C46F-48E3-A2B2-C4AF8D38A99A} = {BE436326-F02B-427B-B9A0-A465FF335957}
		{0EA3C912-1D02-4A9C-8B17-147BE37ED112} = {BE436326-F02B-427B-B9A0-A465FF335957}
		{4424E244-C06B-4C43-9F9E-162D9DAD3E30} = {BE436326-F02B-427B-B9A0-A465FF335957}
		{09CF0023-F870-4C90-A5EB-E326E2AFD7E3} = {BE436326-F02B-427B-B9A0-A465FF335957}
		{FDAB6A3D-200D-4993-99C4-1359CCB32861} = {BE436326-F02B-427B-B9A0-A465FF335957}
		{970C366A-5B3D-40A8-95EA-2E904D099714} = {BE436326-F02B-427B-B9A0-A465FF335957}
		{283DF32D-BA4D-42AC-AC08-B04042580206} = {BE436326-F02B-427B-B9A0-A465FF335957}
		{C691968F-F32B-4E64-AF17-065264FCD2D9} = {F4D73CC6-ADF9-4EBF-820F-5DA6E5110697}
		{AAB79746-E865-4B61-AC20-EA33B8C1F481} = {F4D73CC6-ADF9-4EBF-820F-5DA6E5110697}
		{5F98EA5E-5375-4788-8E84-6BC62F7C01F3} = {F4D73CC6-ADF9-4EBF-820F-5DA6E5110697}
	EndGlobalSection
EndGlobal
